
Microsoft Visual Studio Solution File, Format Version 12.00
# Visual Studio Version 16
VisualStudioVersion = 16.0.29123.88
MinimumVisualStudioVersion = 10.0.40219.1
Project("{9A19103F-16F7-4668-BE54-9A1E7A4F7556}") = "Ordering.Domain", "Ordering.Domain\Ordering.Domain.csproj", "{5CF14397-3B53-4BB6-A9B4-8DD974A65716}"
EndProject
Project("{2150E333-8FDC-42A3-9474-1A3956D46DE8}") = "Documentation", "Documentation", "{26D24BC7-DD84-48D7-88FB-958B9802F339}"
	ProjectSection(SolutionItems) = preProject
		idempotency-in-update-message-events.md = idempotency-in-update-message-events.md
		SemanticTerms.md = SemanticTerms.md
	EndProjectSection
EndProject
Project("{2150E333-8FDC-42A3-9474-1A3956D46DE8}") = "Services", "Services", "{FBC6943D-669B-41C5-9159-1C516FDB85F4}"
EndProject
Project("{2150E333-8FDC-42A3-9474-1A3956D46DE8}") = "Ordering", "Ordering", "{F2DC1D77-5AA3-4EED-AD6E-88B57F460594}"
EndProject
Project("{2150E333-8FDC-42A3-9474-1A3956D46DE8}") = "tests", "tests", "{45E83E44-407B-4676-88B9-0FD5EC0BA860}"
EndProject
Project("{9A19103F-16F7-4668-BE54-9A1E7A4F7556}") = "Ordering.UnitTests", "Ordering.UnitTests\Ordering.UnitTests.csproj", "{14E68750-4899-4AB9-AE73-F274BDEB030B}"
EndProject
Project("{9A19103F-16F7-4668-BE54-9A1E7A4F7556}") = "Ordering.Infrastructure", "Ordering.Infrastructure\Ordering.Infrastructure.csproj", "{7D8C213E-85C6-439B-92F2-1137299D0210}"
EndProject
Project("{9A19103F-16F7-4668-BE54-9A1E7A4F7556}") = "Ordering.API", "Ordering.API\Ordering.API.csproj", "{574ED660-1782-4835-B79B-E1C995D63239}"
EndProject
Project("{9A19103F-16F7-4668-BE54-9A1E7A4F7556}") = "Ordering.FunctionalTests", "Ordering.FunctionalTests\Ordering.FunctionalTests.csproj", "{643D51ED-BF07-445F-A440-3297BDAB8238}"
EndProject
Project("{2150E333-8FDC-42A3-9474-1A3956D46DE8}") = "BuildingBlocks", "BuildingBlocks", "{3AE4CE4B-CF2F-499C-A1FF-D709C21C5031}"
EndProject
Project("{2150E333-8FDC-42A3-9474-1A3956D46DE8}") = "EventBus", "EventBus", "{EF039845-BCCD-4735-A2B0-42911C72B118}"
EndProject
Project("{9A19103F-16F7-4668-BE54-9A1E7A4F7556}") = "Microservices.Library.EventBus", "Microservices.Library.EventBus\Microservices.Library.EventBus.csproj", "{01D8A47C-6C3F-49ED-A8D9-27FC2BEFC0A9}"
EndProject
Project("{9A19103F-16F7-4668-BE54-9A1E7A4F7556}") = "Microservices.Library.EventBusRabbitMQ", "Microservices.Library.EventBusRabbitMQ\Microservices.Library.EventBusRabbitMQ.csproj", "{4E81D103-B6C3-4803-87B0-94C8109304DC}"
EndProject
Project("{9A19103F-16F7-4668-BE54-9A1E7A4F7556}") = "Microservices.Library.IntegrationEventLogEF", "Microservices.Library.IntegrationEventLogEF\Microservices.Library.IntegrationEventLogEF.csproj", "{8E9D5A7A-8471-49AB-A578-ABD6E803B174}"
EndProject
Project("{2150E333-8FDC-42A3-9474-1A3956D46DE8}") = "Web Apps", "Web Apps", "{7161C242-F903-4A4E-870E-5910A17B3D5B}"
EndProject
Project("{9A19103F-16F7-4668-BE54-9A1E7A4F7556}") = "Public", "Public\Public.csproj", "{94EC1190-A88E-43F4-9E6D-76C9A4D18B55}"
EndProject
Project("{2150E333-8FDC-42A3-9474-1A3956D46DE8}") = "WebHost", "WebHost", "{AFBE5E9F-EA38-40F5-8E6E-57BBAE44485D}"
EndProject
Project("{9A19103F-16F7-4668-BE54-9A1E7A4F7556}") = "WebHost.Customization", "WebHost.Customization\WebHost.Customization.csproj", "{D74DFA6C-AFC7-4957-B374-698004C9F1BA}"
EndProject
Project("{2150E333-8FDC-42A3-9474-1A3956D46DE8}") = "Basket", "Basket", "{6CC605BC-45FF-4200-B5B1-56838C0712A7}"
EndProject
Project("{FAE04EC0-301F-11D3-BF4B-00C04F79EFBC}") = "Basket.API", "Basket.API\Basket.API.csproj", "{9CAFAB1C-B5C2-420C-A5DD-C06F79DBDD6D}"
EndProject
Project("{FAE04EC0-301F-11D3-BF4B-00C04F79EFBC}") = "Basket.Domain", "Basket.Domain\Basket.Domain.csproj", "{6F3F5B59-2D18-4269-81AA-865D6164F35B}"
EndProject
Global
	GlobalSection(SolutionConfigurationPlatforms) = preSolution
		Debug|Any CPU = Debug|Any CPU
		Release|Any CPU = Release|Any CPU
	EndGlobalSection
	GlobalSection(ProjectConfigurationPlatforms) = postSolution
		{5CF14397-3B53-4BB6-A9B4-8DD974A65716}.Debug|Any CPU.ActiveCfg = Debug|Any CPU
		{5CF14397-3B53-4BB6-A9B4-8DD974A65716}.Debug|Any CPU.Build.0 = Debug|Any CPU
		{5CF14397-3B53-4BB6-A9B4-8DD974A65716}.Release|Any CPU.ActiveCfg = Release|Any CPU
		{5CF14397-3B53-4BB6-A9B4-8DD974A65716}.Release|Any CPU.Build.0 = Release|Any CPU
		{14E68750-4899-4AB9-AE73-F274BDEB030B}.Debug|Any CPU.ActiveCfg = Debug|Any CPU
		{14E68750-4899-4AB9-AE73-F274BDEB030B}.Debug|Any CPU.Build.0 = Debug|Any CPU
		{14E68750-4899-4AB9-AE73-F274BDEB030B}.Release|Any CPU.ActiveCfg = Release|Any CPU
		{14E68750-4899-4AB9-AE73-F274BDEB030B}.Release|Any CPU.Build.0 = Release|Any CPU
		{7D8C213E-85C6-439B-92F2-1137299D0210}.Debug|Any CPU.ActiveCfg = Debug|Any CPU
		{7D8C213E-85C6-439B-92F2-1137299D0210}.Debug|Any CPU.Build.0 = Debug|Any CPU
		{7D8C213E-85C6-439B-92F2-1137299D0210}.Release|Any CPU.ActiveCfg = Release|Any CPU
		{7D8C213E-85C6-439B-92F2-1137299D0210}.Release|Any CPU.Build.0 = Release|Any CPU
		{574ED660-1782-4835-B79B-E1C995D63239}.Debug|Any CPU.ActiveCfg = Debug|Any CPU
		{574ED660-1782-4835-B79B-E1C995D63239}.Debug|Any CPU.Build.0 = Debug|Any CPU
		{574ED660-1782-4835-B79B-E1C995D63239}.Release|Any CPU.ActiveCfg = Release|Any CPU
		{574ED660-1782-4835-B79B-E1C995D63239}.Release|Any CPU.Build.0 = Release|Any CPU
		{643D51ED-BF07-445F-A440-3297BDAB8238}.Debug|Any CPU.ActiveCfg = Debug|Any CPU
		{643D51ED-BF07-445F-A440-3297BDAB8238}.Debug|Any CPU.Build.0 = Debug|Any CPU
		{643D51ED-BF07-445F-A440-3297BDAB8238}.Release|Any CPU.ActiveCfg = Release|Any CPU
		{643D51ED-BF07-445F-A440-3297BDAB8238}.Release|Any CPU.Build.0 = Release|Any CPU
		{01D8A47C-6C3F-49ED-A8D9-27FC2BEFC0A9}.Debug|Any CPU.ActiveCfg = Debug|Any CPU
		{01D8A47C-6C3F-49ED-A8D9-27FC2BEFC0A9}.Debug|Any CPU.Build.0 = Debug|Any CPU
		{01D8A47C-6C3F-49ED-A8D9-27FC2BEFC0A9}.Release|Any CPU.ActiveCfg = Release|Any CPU
		{01D8A47C-6C3F-49ED-A8D9-27FC2BEFC0A9}.Release|Any CPU.Build.0 = Release|Any CPU
		{4E81D103-B6C3-4803-87B0-94C8109304DC}.Debug|Any CPU.ActiveCfg = Debug|Any CPU
		{4E81D103-B6C3-4803-87B0-94C8109304DC}.Debug|Any CPU.Build.0 = Debug|Any CPU
		{4E81D103-B6C3-4803-87B0-94C8109304DC}.Release|Any CPU.ActiveCfg = Release|Any CPU
		{4E81D103-B6C3-4803-87B0-94C8109304DC}.Release|Any CPU.Build.0 = Release|Any CPU
		{8E9D5A7A-8471-49AB-A578-ABD6E803B174}.Debug|Any CPU.ActiveCfg = Debug|Any CPU
		{8E9D5A7A-8471-49AB-A578-ABD6E803B174}.Debug|Any CPU.Build.0 = Debug|Any CPU
		{8E9D5A7A-8471-49AB-A578-ABD6E803B174}.Release|Any CPU.ActiveCfg = Release|Any CPU
		{8E9D5A7A-8471-49AB-A578-ABD6E803B174}.Release|Any CPU.Build.0 = Release|Any CPU
		{94EC1190-A88E-43F4-9E6D-76C9A4D18B55}.Debug|Any CPU.ActiveCfg = Debug|Any CPU
		{94EC1190-A88E-43F4-9E6D-76C9A4D18B55}.Debug|Any CPU.Build.0 = Debug|Any CPU
		{94EC1190-A88E-43F4-9E6D-76C9A4D18B55}.Release|Any CPU.ActiveCfg = Release|Any CPU
		{94EC1190-A88E-43F4-9E6D-76C9A4D18B55}.Release|Any CPU.Build.0 = Release|Any CPU
		{D74DFA6C-AFC7-4957-B374-698004C9F1BA}.Debug|Any CPU.ActiveCfg = Debug|Any CPU
		{D74DFA6C-AFC7-4957-B374-698004C9F1BA}.Debug|Any CPU.Build.0 = Debug|Any CPU
		{D74DFA6C-AFC7-4957-B374-698004C9F1BA}.Release|Any CPU.ActiveCfg = Release|Any CPU
		{D74DFA6C-AFC7-4957-B374-698004C9F1BA}.Release|Any CPU.Build.0 = Release|Any CPU
		{9CAFAB1C-B5C2-420C-A5DD-C06F79DBDD6D}.Debug|Any CPU.ActiveCfg = Debug|Any CPU
		{9CAFAB1C-B5C2-420C-A5DD-C06F79DBDD6D}.Debug|Any CPU.Build.0 = Debug|Any CPU
		{9CAFAB1C-B5C2-420C-A5DD-C06F79DBDD6D}.Release|Any CPU.ActiveCfg = Release|Any CPU
		{9CAFAB1C-B5C2-420C-A5DD-C06F79DBDD6D}.Release|Any CPU.Build.0 = Release|Any CPU
		{6F3F5B59-2D18-4269-81AA-865D6164F35B}.Debug|Any CPU.ActiveCfg = Debug|Any CPU
		{6F3F5B59-2D18-4269-81AA-865D6164F35B}.Debug|Any CPU.Build.0 = Debug|Any CPU
		{6F3F5B59-2D18-4269-81AA-865D6164F35B}.Release|Any CPU.ActiveCfg = Release|Any CPU
		{6F3F5B59-2D18-4269-81AA-865D6164F35B}.Release|Any CPU.Build.0 = Release|Any CPU
	EndGlobalSection
	GlobalSection(SolutionProperties) = preSolution
		HideSolutionNode = FALSE
	EndGlobalSection
	GlobalSection(NestedProjects) = preSolution
		{5CF14397-3B53-4BB6-A9B4-8DD974A65716} = {F2DC1D77-5AA3-4EED-AD6E-88B57F460594}
		{F2DC1D77-5AA3-4EED-AD6E-88B57F460594} = {FBC6943D-669B-41C5-9159-1C516FDB85F4}
		{45E83E44-407B-4676-88B9-0FD5EC0BA860} = {F2DC1D77-5AA3-4EED-AD6E-88B57F460594}
		{14E68750-4899-4AB9-AE73-F274BDEB030B} = {45E83E44-407B-4676-88B9-0FD5EC0BA860}
		{7D8C213E-85C6-439B-92F2-1137299D0210} = {F2DC1D77-5AA3-4EED-AD6E-88B57F460594}
		{574ED660-1782-4835-B79B-E1C995D63239} = {F2DC1D77-5AA3-4EED-AD6E-88B57F460594}
		{643D51ED-BF07-445F-A440-3297BDAB8238} = {45E83E44-407B-4676-88B9-0FD5EC0BA860}
		{EF039845-BCCD-4735-A2B0-42911C72B118} = {3AE4CE4B-CF2F-499C-A1FF-D709C21C5031}
		{01D8A47C-6C3F-49ED-A8D9-27FC2BEFC0A9} = {EF039845-BCCD-4735-A2B0-42911C72B118}
		{4E81D103-B6C3-4803-87B0-94C8109304DC} = {EF039845-BCCD-4735-A2B0-42911C72B118}
		{8E9D5A7A-8471-49AB-A578-ABD6E803B174} = {EF039845-BCCD-4735-A2B0-42911C72B118}
		{94EC1190-A88E-43F4-9E6D-76C9A4D18B55} = {7161C242-F903-4A4E-870E-5910A17B3D5B}
		{AFBE5E9F-EA38-40F5-8E6E-57BBAE44485D} = {3AE4CE4B-CF2F-499C-A1FF-D709C21C5031}
		{D74DFA6C-AFC7-4957-B374-698004C9F1BA} = {AFBE5E9F-EA38-40F5-8E6E-57BBAE44485D}
		{6CC605BC-45FF-4200-B5B1-56838C0712A7} = {FBC6943D-669B-41C5-9159-1C516FDB85F4}
		{9CAFAB1C-B5C2-420C-A5DD-C06F79DBDD6D} = {6CC605BC-45FF-4200-B5B1-56838C0712A7}
		{6F3F5B59-2D18-4269-81AA-865D6164F35B} = {6CC605BC-45FF-4200-B5B1-56838C0712A7}
	EndGlobalSection
	GlobalSection(ExtensibilityGlobals) = postSolution
		SolutionGuid = {849567AB-1E15-4128-9D6C-6C0416292E1C}
	EndGlobalSection
EndGlobal
